// !$*UTF8*$!
{
	archiveVersion = 1;
	classes = {
	};
	objectVersion = 48;
	objects = {

/* Begin PBXBuildFile section */
		8E01C7771FEA58250012E2CE /* Main.storyboard in Resources */ = {isa = PBXBuildFile; fileRef = 8E01C7751FEA58250012E2CE /* Main.storyboard */; };
		8E121FF3204D504700C5CCD8 /* ImageUrlEntity.swift in Sources */ = {isa = PBXBuildFile; fileRef = 8E121FF2204D504700C5CCD8 /* ImageUrlEntity.swift */; };
		8E121FF5204D5C3B00C5CCD8 /* UserPresenter.swift in Sources */ = {isa = PBXBuildFile; fileRef = 8E121FF4204D5C3B00C5CCD8 /* UserPresenter.swift */; };
		8E121FF7204D5F1300C5CCD8 /* MessageEntity.swift in Sources */ = {isa = PBXBuildFile; fileRef = 8E121FF6204D5F1300C5CCD8 /* MessageEntity.swift */; };
		8E121FF9204D64A800C5CCD8 /* MessageResult.swift in Sources */ = {isa = PBXBuildFile; fileRef = 8E121FF8204D64A800C5CCD8 /* MessageResult.swift */; };
		8E1A112A20450A5300A0B6BC /* LoginViewController.swift in Sources */ = {isa = PBXBuildFile; fileRef = 8E1A112920450A5300A0B6BC /* LoginViewController.swift */; };
		8E1A112C20450A6D00A0B6BC /* RegisterViewController.swift in Sources */ = {isa = PBXBuildFile; fileRef = 8E1A112B20450A6D00A0B6BC /* RegisterViewController.swift */; };
		8E1A112E20453C2C00A0B6BC /* LoginViewControllerCode.swift in Sources */ = {isa = PBXBuildFile; fileRef = 8E1A112D20453C2C00A0B6BC /* LoginViewControllerCode.swift */; };
		8E20A3E32021A40900B15AB2 /* MessageView.swift in Sources */ = {isa = PBXBuildFile; fileRef = 8E20A3E22021A40900B15AB2 /* MessageView.swift */; };
		8E20A3E52021B48C00B15AB2 /* MessageList.swift in Sources */ = {isa = PBXBuildFile; fileRef = 8E20A3E42021B48C00B15AB2 /* MessageList.swift */; };
		8E20A3E72021B50000B15AB2 /* MessageDetailView.swift in Sources */ = {isa = PBXBuildFile; fileRef = 8E20A3E62021B50000B15AB2 /* MessageDetailView.swift */; };
		8E20A3EB2021B73200B15AB2 /* MessageItem.swift in Sources */ = {isa = PBXBuildFile; fileRef = 8E20A3EA2021B73200B15AB2 /* MessageItem.swift */; };
		8E2F6A0E2022C62B000704F6 /* UserViewController.swift in Sources */ = {isa = PBXBuildFile; fileRef = 8E2F6A0D2022C62B000704F6 /* UserViewController.swift */; };
		8E3E2F19201B1E28006E2206 /* MeViewController.swift in Sources */ = {isa = PBXBuildFile; fileRef = 8E3E2F18201B1E28006E2206 /* MeViewController.swift */; };
		8E441B232050DD19001D90C1 /* SlideGalleryView.swift in Sources */ = {isa = PBXBuildFile; fileRef = 8E441B222050DD19001D90C1 /* SlideGalleryView.swift */; };
		8E441B27205123FB001D90C1 /* MainPageViewController.swift in Sources */ = {isa = PBXBuildFile; fileRef = 8E441B26205123FB001D90C1 /* MainPageViewController.swift */; };
		8E441B2920513252001D90C1 /* SliderGalleryController.swift in Sources */ = {isa = PBXBuildFile; fileRef = 8E441B2820513252001D90C1 /* SliderGalleryController.swift */; };
		8E441B2B205137FF001D90C1 /* GridLayoutView.swift in Sources */ = {isa = PBXBuildFile; fileRef = 8E441B2A205137FF001D90C1 /* GridLayoutView.swift */; };
		8E441B2D20513BF6001D90C1 /* ImageClickView.swift in Sources */ = {isa = PBXBuildFile; fileRef = 8E441B2C20513BF6001D90C1 /* ImageClickView.swift */; };
		8E4D9FB5202AB2D900C4BF21 /* PrizeEntity.swift in Sources */ = {isa = PBXBuildFile; fileRef = 8E4D9FB4202AB2D900C4BF21 /* PrizeEntity.swift */; };
		8E55000520182B57009E2AB0 /* Discover.storyboard in Resources */ = {isa = PBXBuildFile; fileRef = 8E55000320182B57009E2AB0 /* Discover.storyboard */; };
		8E55000820182B75009E2AB0 /* News.storyboard in Resources */ = {isa = PBXBuildFile; fileRef = 8E55000620182B75009E2AB0 /* News.storyboard */; };
		8E55000B20182CAE009E2AB0 /* Business.storyboard in Resources */ = {isa = PBXBuildFile; fileRef = 8E55000920182CAE009E2AB0 /* Business.storyboard */; };
		8E55001320183122009E2AB0 /* ShopViewController.swift in Sources */ = {isa = PBXBuildFile; fileRef = 8E55001220183122009E2AB0 /* ShopViewController.swift */; };
		8E550015201835A8009E2AB0 /* Me.storyboard in Resources */ = {isa = PBXBuildFile; fileRef = 8E550014201835A8009E2AB0 /* Me.storyboard */; };
		8E55001820187DA8009E2AB0 /* DiscoverItemTemp.swift in Sources */ = {isa = PBXBuildFile; fileRef = 8E55001720187DA8009E2AB0 /* DiscoverItemTemp.swift */; };
		8E55FFFC20182539009E2AB0 /* NewsViewController.swift in Sources */ = {isa = PBXBuildFile; fileRef = 8E55FFFB20182539009E2AB0 /* NewsViewController.swift */; };
		8E55FFFE20182592009E2AB0 /* DiscoverViewController.swift in Sources */ = {isa = PBXBuildFile; fileRef = 8E55FFFD20182592009E2AB0 /* DiscoverViewController.swift */; };
		8E5DC161201745F900D421FE /* TabBarController.swift in Sources */ = {isa = PBXBuildFile; fileRef = 8E5DC160201745F900D421FE /* TabBarController.swift */; };
		8E61FB6D1FF341F400680E19 /* WeiChatLogin.swift in Sources */ = {isa = PBXBuildFile; fileRef = 8E61FB6C1FF341F400680E19 /* WeiChatLogin.swift */; };
		8E61FB701FF3470300680E19 /* libc++.tbd in Frameworks */ = {isa = PBXBuildFile; fileRef = 8E61FB6F1FF3470300680E19 /* libc++.tbd */; };
		8E61FB721FF3472100680E19 /* libsqlite3.tbd in Frameworks */ = {isa = PBXBuildFile; fileRef = 8E61FB711FF3472000680E19 /* libsqlite3.tbd */; };
		8E61FB741FF3472F00680E19 /* CoreTelephony.framework in Frameworks */ = {isa = PBXBuildFile; fileRef = 8E61FB731FF3472F00680E19 /* CoreTelephony.framework */; };
		8E61FB761FF3474200680E19 /* libz.tbd in Frameworks */ = {isa = PBXBuildFile; fileRef = 8E61FB751FF3474200680E19 /* libz.tbd */; };
		8E61FB781FF3475100680E19 /* SystemConfiguration.framework in Frameworks */ = {isa = PBXBuildFile; fileRef = 8E61FB771FF3475100680E19 /* SystemConfiguration.framework */; };
		8E61FB7B1FF34C8900680E19 /* Utils.swift in Sources */ = {isa = PBXBuildFile; fileRef = 8E61FB7A1FF34C8900680E19 /* Utils.swift */; };
		8E66CF1F2049406C00FC9E59 /* IDCardViewController.swift in Sources */ = {isa = PBXBuildFile; fileRef = 8E66CF1E2049406C00FC9E59 /* IDCardViewController.swift */; };
		8E66CF2120494C3900FC9E59 /* BusinessPresenter.swift in Sources */ = {isa = PBXBuildFile; fileRef = 8E66CF2020494C3900FC9E59 /* BusinessPresenter.swift */; };
		8E92BF18200EFC9B0090C646 /* ResponseEntity.swift in Sources */ = {isa = PBXBuildFile; fileRef = 8E92BF17200EFC9B0090C646 /* ResponseEntity.swift */; };
		8E92BF1A200EFDD90090C646 /* SidEntity.swift in Sources */ = {isa = PBXBuildFile; fileRef = 8E92BF19200EFDD90090C646 /* SidEntity.swift */; };
		8E92BF1E200F46C80090C646 /* Presenter.swift in Sources */ = {isa = PBXBuildFile; fileRef = 8E92BF1D200F46C80090C646 /* Presenter.swift */; };
		8E96F01C204E75E20060B612 /* BusinessStateEntity.swift in Sources */ = {isa = PBXBuildFile; fileRef = 8E96F01B204E75E20060B612 /* BusinessStateEntity.swift */; };
		8E96F01E204E815A0060B612 /* GuideViewController.swift in Sources */ = {isa = PBXBuildFile; fileRef = 8E96F01D204E815A0060B612 /* GuideViewController.swift */; };
		8E96F020204E9B0A0060B612 /* DiscoverPresenter.swift in Sources */ = {isa = PBXBuildFile; fileRef = 8E96F01F204E9B0A0060B612 /* DiscoverPresenter.swift */; };
		8EC2B5312019C4FD00C3181D /* DiscoverItem.swift in Sources */ = {isa = PBXBuildFile; fileRef = 8EC2B5302019C4FD00C3181D /* DiscoverItem.swift */; };
		8EC2B5352019D08000C3181D /* DiscoverItemView.swift in Sources */ = {isa = PBXBuildFile; fileRef = 8EC2B5342019D08000C3181D /* DiscoverItemView.swift */; };
		8EC2B5372019E0BB00C3181D /* DetailViewController.swift in Sources */ = {isa = PBXBuildFile; fileRef = 8EC2B5362019E0BB00C3181D /* DetailViewController.swift */; };
		8EC2B5392019EE7B00C3181D /* ScanViewController.swift in Sources */ = {isa = PBXBuildFile; fileRef = 8EC2B5382019EE7B00C3181D /* ScanViewController.swift */; };
		8EC3C2322020680C001567E9 /* BusinessViewController.swift in Sources */ = {isa = PBXBuildFile; fileRef = 8EC3C2312020680C001567E9 /* BusinessViewController.swift */; };
		8EC3C234202069BD001567E9 /* BusinessItemView.swift in Sources */ = {isa = PBXBuildFile; fileRef = 8EC3C233202069BD001567E9 /* BusinessItemView.swift */; };
		8EC3C236202069D1001567E9 /* BusinessItem.swift in Sources */ = {isa = PBXBuildFile; fileRef = 8EC3C235202069D1001567E9 /* BusinessItem.swift */; };
		8EC3C2382020705C001567E9 /* BusinessDetailView.swift in Sources */ = {isa = PBXBuildFile; fileRef = 8EC3C2372020705C001567E9 /* BusinessDetailView.swift */; };
		8EC9439720464CA000EB2B05 /* Result.swift in Sources */ = {isa = PBXBuildFile; fileRef = 8EC9439620464CA000EB2B05 /* Result.swift */; };
		8EC9439920464DB700EB2B05 /* CodeEntity.swift in Sources */ = {isa = PBXBuildFile; fileRef = 8EC9439820464DB700EB2B05 /* CodeEntity.swift */; };
		8ECF7C212052618400738D0B /* BigboardView.swift in Sources */ = {isa = PBXBuildFile; fileRef = 8ECF7C202052618400738D0B /* BigboardView.swift */; };
		8ECF7C23205261BD00738D0B /* SmallboardView.swift in Sources */ = {isa = PBXBuildFile; fileRef = 8ECF7C22205261BD00738D0B /* SmallboardView.swift */; };
		8ECF7C252052857200738D0B /* CustomerManagerList.swift in Sources */ = {isa = PBXBuildFile; fileRef = 8ECF7C242052857200738D0B /* CustomerManagerList.swift */; };
		8ECF7C2720528A0A00738D0B /* BusinessItemCell.swift in Sources */ = {isa = PBXBuildFile; fileRef = 8ECF7C2620528A0A00738D0B /* BusinessItemCell.swift */; };
		8ECF7C29205294F100738D0B /* ClosableWebView.swift in Sources */ = {isa = PBXBuildFile; fileRef = 8ECF7C28205294F100738D0B /* ClosableWebView.swift */; };
		8ECF7C2B20529AF500738D0B /* MainPresenter.swift in Sources */ = {isa = PBXBuildFile; fileRef = 8ECF7C2A20529AF500738D0B /* MainPresenter.swift */; };
		8ED2425F202417CA00303DB4 /* AboutViewController.swift in Sources */ = {isa = PBXBuildFile; fileRef = 8ED2425E202417CA00303DB4 /* AboutViewController.swift */; };
		8EF0BFD2202854A200401540 /* PrizeViewController.swift in Sources */ = {isa = PBXBuildFile; fileRef = 8EF0BFD1202854A200401540 /* PrizeViewController.swift */; };
		8EF0BFD42028557300401540 /* PrizeRecordController.swift in Sources */ = {isa = PBXBuildFile; fileRef = 8EF0BFD32028557300401540 /* PrizeRecordController.swift */; };
		8EFA2D3A1FE8B37D005C890E /* AppDelegate.swift in Sources */ = {isa = PBXBuildFile; fileRef = 8EFA2D391FE8B37D005C890E /* AppDelegate.swift */; };
		8EFA2D3C1FE8B37D005C890E /* WebViewController.swift in Sources */ = {isa = PBXBuildFile; fileRef = 8EFA2D3B1FE8B37D005C890E /* WebViewController.swift */; };
		8EFA2D411FE8B37D005C890E /* Assets.xcassets in Resources */ = {isa = PBXBuildFile; fileRef = 8EFA2D401FE8B37D005C890E /* Assets.xcassets */; };
		8EFA2D441FE8B37D005C890E /* LaunchScreen.storyboard in Resources */ = {isa = PBXBuildFile; fileRef = 8EFA2D421FE8B37D005C890E /* LaunchScreen.storyboard */; };
		8EFA2D4F1FE8B37D005C890E /* ZhongweiTests.swift in Sources */ = {isa = PBXBuildFile; fileRef = 8EFA2D4E1FE8B37D005C890E /* ZhongweiTests.swift */; };
		8EFA2D5A1FE8B37E005C890E /* ZhongweiUITests.swift in Sources */ = {isa = PBXBuildFile; fileRef = 8EFA2D591FE8B37E005C890E /* ZhongweiUITests.swift */; };
		8EFA2D681FE8BE41005C890E /* Podfile in Resources */ = {isa = PBXBuildFile; fileRef = 8EFA2D671FE8BE41005C890E /* Podfile */; };
		8EFA2D6D1FE8C212005C890E /* libWeChatSDK.a in Frameworks */ = {isa = PBXBuildFile; fileRef = 8EFA2D6C1FE8C212005C890E /* libWeChatSDK.a */; };
		A5B785BA2F3CA812EFC80FD2 /* Pods_Zhongwei.framework in Frameworks */ = {isa = PBXBuildFile; fileRef = 6A84856AEDD70A279EC1E75F /* Pods_Zhongwei.framework */; };
/* End PBXBuildFile section */

/* Begin PBXContainerItemProxy section */
		8EFA2D4B1FE8B37D005C890E /* PBXContainerItemProxy */ = {
			isa = PBXContainerItemProxy;
			containerPortal = 8EFA2D2E1FE8B37D005C890E /* Project object */;
			proxyType = 1;
			remoteGlobalIDString = 8EFA2D351FE8B37D005C890E;
			remoteInfo = Zhongwei;
		};
		8EFA2D561FE8B37E005C890E /* PBXContainerItemProxy */ = {
			isa = PBXContainerItemProxy;
			containerPortal = 8EFA2D2E1FE8B37D005C890E /* Project object */;
			proxyType = 1;
			remoteGlobalIDString = 8EFA2D351FE8B37D005C890E;
			remoteInfo = Zhongwei;
		};
/* End PBXContainerItemProxy section */

/* Begin PBXFileReference section */
		6A84856AEDD70A279EC1E75F /* Pods_Zhongwei.framework */ = {isa = PBXFileReference; explicitFileType = wrapper.framework; includeInIndex = 0; path = Pods_Zhongwei.framework; sourceTree = BUILT_PRODUCTS_DIR; };
		878A4334FDF403A899AFB54E /* Pods-Zhongwei.debug.xcconfig */ = {isa = PBXFileReference; includeInIndex = 1; lastKnownFileType = text.xcconfig; name = "Pods-Zhongwei.debug.xcconfig"; path = "Pods/Target Support Files/Pods-Zhongwei/Pods-Zhongwei.debug.xcconfig"; sourceTree = "<group>"; };
		8E01C7761FEA58250012E2CE /* Base */ = {isa = PBXFileReference; lastKnownFileType = file.storyboard; name = Base; path = Base.lproj/Main.storyboard; sourceTree = "<group>"; };
		8E121FF2204D504700C5CCD8 /* ImageUrlEntity.swift */ = {isa = PBXFileReference; lastKnownFileType = sourcecode.swift; path = ImageUrlEntity.swift; sourceTree = "<group>"; };
		8E121FF4204D5C3B00C5CCD8 /* UserPresenter.swift */ = {isa = PBXFileReference; lastKnownFileType = sourcecode.swift; path = UserPresenter.swift; sourceTree = "<group>"; };
		8E121FF6204D5F1300C5CCD8 /* MessageEntity.swift */ = {isa = PBXFileReference; lastKnownFileType = sourcecode.swift; path = MessageEntity.swift; sourceTree = "<group>"; };
		8E121FF8204D64A800C5CCD8 /* MessageResult.swift */ = {isa = PBXFileReference; lastKnownFileType = sourcecode.swift; path = MessageResult.swift; sourceTree = "<group>"; };
		8E1A112920450A5300A0B6BC /* LoginViewController.swift */ = {isa = PBXFileReference; lastKnownFileType = sourcecode.swift; path = LoginViewController.swift; sourceTree = "<group>"; };
		8E1A112B20450A6D00A0B6BC /* RegisterViewController.swift */ = {isa = PBXFileReference; lastKnownFileType = sourcecode.swift; path = RegisterViewController.swift; sourceTree = "<group>"; };
		8E1A112D20453C2C00A0B6BC /* LoginViewControllerCode.swift */ = {isa = PBXFileReference; lastKnownFileType = sourcecode.swift; path = LoginViewControllerCode.swift; sourceTree = "<group>"; };
		8E20A3E22021A40900B15AB2 /* MessageView.swift */ = {isa = PBXFileReference; lastKnownFileType = sourcecode.swift; path = MessageView.swift; sourceTree = "<group>"; };
		8E20A3E42021B48C00B15AB2 /* MessageList.swift */ = {isa = PBXFileReference; lastKnownFileType = sourcecode.swift; path = MessageList.swift; sourceTree = "<group>"; };
		8E20A3E62021B50000B15AB2 /* MessageDetailView.swift */ = {isa = PBXFileReference; lastKnownFileType = sourcecode.swift; path = MessageDetailView.swift; sourceTree = "<group>"; };
		8E20A3EA2021B73200B15AB2 /* MessageItem.swift */ = {isa = PBXFileReference; lastKnownFileType = sourcecode.swift; path = MessageItem.swift; sourceTree = "<group>"; };
		8E2F6A0D2022C62B000704F6 /* UserViewController.swift */ = {isa = PBXFileReference; lastKnownFileType = sourcecode.swift; path = UserViewController.swift; sourceTree = "<group>"; };
		8E3E2F18201B1E28006E2206 /* MeViewController.swift */ = {isa = PBXFileReference; lastKnownFileType = sourcecode.swift; path = MeViewController.swift; sourceTree = "<group>"; };
		8E441B222050DD19001D90C1 /* SlideGalleryView.swift */ = {isa = PBXFileReference; lastKnownFileType = sourcecode.swift; path = SlideGalleryView.swift; sourceTree = "<group>"; };
		8E441B26205123FB001D90C1 /* MainPageViewController.swift */ = {isa = PBXFileReference; lastKnownFileType = sourcecode.swift; path = MainPageViewController.swift; sourceTree = "<group>"; };
		8E441B2820513252001D90C1 /* SliderGalleryController.swift */ = {isa = PBXFileReference; fileEncoding = 4; lastKnownFileType = sourcecode.swift; path = SliderGalleryController.swift; sourceTree = "<group>"; };
		8E441B2A205137FF001D90C1 /* GridLayoutView.swift */ = {isa = PBXFileReference; lastKnownFileType = sourcecode.swift; path = GridLayoutView.swift; sourceTree = "<group>"; };
		8E441B2C20513BF6001D90C1 /* ImageClickView.swift */ = {isa = PBXFileReference; lastKnownFileType = sourcecode.swift; path = ImageClickView.swift; sourceTree = "<group>"; };
		8E4D9FB4202AB2D900C4BF21 /* PrizeEntity.swift */ = {isa = PBXFileReference; lastKnownFileType = sourcecode.swift; path = PrizeEntity.swift; sourceTree = "<group>"; };
		8E55000420182B57009E2AB0 /* Base */ = {isa = PBXFileReference; lastKnownFileType = file.storyboard; name = Base; path = Base.lproj/Discover.storyboard; sourceTree = "<group>"; };
		8E55000720182B75009E2AB0 /* Base */ = {isa = PBXFileReference; lastKnownFileType = file.storyboard; name = Base; path = Base.lproj/News.storyboard; sourceTree = "<group>"; };
		8E55000A20182CAE009E2AB0 /* Base */ = {isa = PBXFileReference; lastKnownFileType = file.storyboard; name = Base; path = Base.lproj/Business.storyboard; sourceTree = "<group>"; };
		8E55001220183122009E2AB0 /* ShopViewController.swift */ = {isa = PBXFileReference; lastKnownFileType = sourcecode.swift; path = ShopViewController.swift; sourceTree = "<group>"; };
		8E550014201835A8009E2AB0 /* Me.storyboard */ = {isa = PBXFileReference; fileEncoding = 4; lastKnownFileType = file.storyboard; name = Me.storyboard; path = Zhongwei/me/Me.storyboard; sourceTree = SOURCE_ROOT; };
		8E55001720187DA8009E2AB0 /* DiscoverItemTemp.swift */ = {isa = PBXFileReference; lastKnownFileType = sourcecode.swift; path = DiscoverItemTemp.swift; sourceTree = "<group>"; };
		8E55FFFB20182539009E2AB0 /* NewsViewController.swift */ = {isa = PBXFileReference; lastKnownFileType = sourcecode.swift; path = NewsViewController.swift; sourceTree = "<group>"; };
		8E55FFFD20182592009E2AB0 /* DiscoverViewController.swift */ = {isa = PBXFileReference; lastKnownFileType = sourcecode.swift; path = DiscoverViewController.swift; sourceTree = "<group>"; };
		8E5DC160201745F900D421FE /* TabBarController.swift */ = {isa = PBXFileReference; lastKnownFileType = sourcecode.swift; path = TabBarController.swift; sourceTree = "<group>"; };
		8E61FB6C1FF341F400680E19 /* WeiChatLogin.swift */ = {isa = PBXFileReference; lastKnownFileType = sourcecode.swift; path = WeiChatLogin.swift; sourceTree = "<group>"; };
		8E61FB6E1FF345DE00680E19 /* BridgeHeader.h */ = {isa = PBXFileReference; lastKnownFileType = sourcecode.c.h; path = BridgeHeader.h; sourceTree = "<group>"; };
		8E61FB6F1FF3470300680E19 /* libc++.tbd */ = {isa = PBXFileReference; lastKnownFileType = "sourcecode.text-based-dylib-definition"; name = "libc++.tbd"; path = "usr/lib/libc++.tbd"; sourceTree = SDKROOT; };
		8E61FB711FF3472000680E19 /* libsqlite3.tbd */ = {isa = PBXFileReference; lastKnownFileType = "sourcecode.text-based-dylib-definition"; name = libsqlite3.tbd; path = usr/lib/libsqlite3.tbd; sourceTree = SDKROOT; };
		8E61FB731FF3472F00680E19 /* CoreTelephony.framework */ = {isa = PBXFileReference; lastKnownFileType = wrapper.framework; name = CoreTelephony.framework; path = System/Library/Frameworks/CoreTelephony.framework; sourceTree = SDKROOT; };
		8E61FB751FF3474200680E19 /* libz.tbd */ = {isa = PBXFileReference; lastKnownFileType = "sourcecode.text-based-dylib-definition"; name = libz.tbd; path = usr/lib/libz.tbd; sourceTree = SDKROOT; };
		8E61FB771FF3475100680E19 /* SystemConfiguration.framework */ = {isa = PBXFileReference; lastKnownFileType = wrapper.framework; name = SystemConfiguration.framework; path = System/Library/Frameworks/SystemConfiguration.framework; sourceTree = SDKROOT; };
		8E61FB7A1FF34C8900680E19 /* Utils.swift */ = {isa = PBXFileReference; fileEncoding = 4; lastKnownFileType = sourcecode.swift; path = Utils.swift; sourceTree = "<group>"; };
		8E66CF1E2049406C00FC9E59 /* IDCardViewController.swift */ = {isa = PBXFileReference; lastKnownFileType = sourcecode.swift; path = IDCardViewController.swift; sourceTree = "<group>"; };
		8E66CF2020494C3900FC9E59 /* BusinessPresenter.swift */ = {isa = PBXFileReference; lastKnownFileType = sourcecode.swift; path = BusinessPresenter.swift; sourceTree = "<group>"; };
		8E92BF17200EFC9B0090C646 /* ResponseEntity.swift */ = {isa = PBXFileReference; lastKnownFileType = sourcecode.swift; path = ResponseEntity.swift; sourceTree = "<group>"; };
		8E92BF19200EFDD90090C646 /* SidEntity.swift */ = {isa = PBXFileReference; lastKnownFileType = sourcecode.swift; path = SidEntity.swift; sourceTree = "<group>"; };
		8E92BF1D200F46C80090C646 /* Presenter.swift */ = {isa = PBXFileReference; lastKnownFileType = sourcecode.swift; path = Presenter.swift; sourceTree = "<group>"; };
		8E96F01B204E75E20060B612 /* BusinessStateEntity.swift */ = {isa = PBXFileReference; lastKnownFileType = sourcecode.swift; path = BusinessStateEntity.swift; sourceTree = "<group>"; };
		8E96F01D204E815A0060B612 /* GuideViewController.swift */ = {isa = PBXFileReference; lastKnownFileType = sourcecode.swift; path = GuideViewController.swift; sourceTree = "<group>"; };
		8E96F01F204E9B0A0060B612 /* DiscoverPresenter.swift */ = {isa = PBXFileReference; lastKnownFileType = sourcecode.swift; path = DiscoverPresenter.swift; sourceTree = "<group>"; };
		8EC2B5302019C4FD00C3181D /* DiscoverItem.swift */ = {isa = PBXFileReference; lastKnownFileType = sourcecode.swift; path = DiscoverItem.swift; sourceTree = "<group>"; };
		8EC2B5342019D08000C3181D /* DiscoverItemView.swift */ = {isa = PBXFileReference; lastKnownFileType = sourcecode.swift; path = DiscoverItemView.swift; sourceTree = "<group>"; };
		8EC2B5362019E0BB00C3181D /* DetailViewController.swift */ = {isa = PBXFileReference; lastKnownFileType = sourcecode.swift; path = DetailViewController.swift; sourceTree = "<group>"; };
		8EC2B5382019EE7B00C3181D /* ScanViewController.swift */ = {isa = PBXFileReference; lastKnownFileType = sourcecode.swift; path = ScanViewController.swift; sourceTree = "<group>"; };
		8EC3C2312020680C001567E9 /* BusinessViewController.swift */ = {isa = PBXFileReference; lastKnownFileType = sourcecode.swift; path = BusinessViewController.swift; sourceTree = "<group>"; };
		8EC3C233202069BD001567E9 /* BusinessItemView.swift */ = {isa = PBXFileReference; lastKnownFileType = sourcecode.swift; path = BusinessItemView.swift; sourceTree = "<group>"; };
		8EC3C235202069D1001567E9 /* BusinessItem.swift */ = {isa = PBXFileReference; lastKnownFileType = sourcecode.swift; path = BusinessItem.swift; sourceTree = "<group>"; };
		8EC3C2372020705C001567E9 /* BusinessDetailView.swift */ = {isa = PBXFileReference; lastKnownFileType = sourcecode.swift; path = BusinessDetailView.swift; sourceTree = "<group>"; };
		8EC9439620464CA000EB2B05 /* Result.swift */ = {isa = PBXFileReference; lastKnownFileType = sourcecode.swift; path = Result.swift; sourceTree = "<group>"; };
		8EC9439820464DB700EB2B05 /* CodeEntity.swift */ = {isa = PBXFileReference; lastKnownFileType = sourcecode.swift; path = CodeEntity.swift; sourceTree = "<group>"; };
		8ECF7C202052618400738D0B /* BigboardView.swift */ = {isa = PBXFileReference; lastKnownFileType = sourcecode.swift; path = BigboardView.swift; sourceTree = "<group>"; };
		8ECF7C22205261BD00738D0B /* SmallboardView.swift */ = {isa = PBXFileReference; lastKnownFileType = sourcecode.swift; path = SmallboardView.swift; sourceTree = "<group>"; };
		8ECF7C242052857200738D0B /* CustomerManagerList.swift */ = {isa = PBXFileReference; lastKnownFileType = sourcecode.swift; path = CustomerManagerList.swift; sourceTree = "<group>"; };
		8ECF7C2620528A0A00738D0B /* BusinessItemCell.swift */ = {isa = PBXFileReference; lastKnownFileType = sourcecode.swift; path = BusinessItemCell.swift; sourceTree = "<group>"; };
		8ECF7C28205294F100738D0B /* ClosableWebView.swift */ = {isa = PBXFileReference; lastKnownFileType = sourcecode.swift; path = ClosableWebView.swift; sourceTree = "<group>"; };
		8ECF7C2A20529AF500738D0B /* MainPresenter.swift */ = {isa = PBXFileReference; lastKnownFileType = sourcecode.swift; path = MainPresenter.swift; sourceTree = "<group>"; };
		8ED2425E202417CA00303DB4 /* AboutViewController.swift */ = {isa = PBXFileReference; lastKnownFileType = sourcecode.swift; path = AboutViewController.swift; sourceTree = "<group>"; };
		8EF0BFD1202854A200401540 /* PrizeViewController.swift */ = {isa = PBXFileReference; lastKnownFileType = sourcecode.swift; path = PrizeViewController.swift; sourceTree = "<group>"; };
		8EF0BFD32028557300401540 /* PrizeRecordController.swift */ = {isa = PBXFileReference; lastKnownFileType = sourcecode.swift; path = PrizeRecordController.swift; sourceTree = "<group>"; };
		8EFA2D361FE8B37D005C890E /* Zhongwei.app */ = {isa = PBXFileReference; explicitFileType = wrapper.application; includeInIndex = 0; path = Zhongwei.app; sourceTree = BUILT_PRODUCTS_DIR; };
		8EFA2D391FE8B37D005C890E /* AppDelegate.swift */ = {isa = PBXFileReference; lastKnownFileType = sourcecode.swift; path = AppDelegate.swift; sourceTree = "<group>"; };
		8EFA2D3B1FE8B37D005C890E /* WebViewController.swift */ = {isa = PBXFileReference; lastKnownFileType = sourcecode.swift; path = WebViewController.swift; sourceTree = "<group>"; };
		8EFA2D401FE8B37D005C890E /* Assets.xcassets */ = {isa = PBXFileReference; lastKnownFileType = folder.assetcatalog; path = Assets.xcassets; sourceTree = "<group>"; };
		8EFA2D431FE8B37D005C890E /* Base */ = {isa = PBXFileReference; lastKnownFileType = file.storyboard; name = Base; path = Base.lproj/LaunchScreen.storyboard; sourceTree = "<group>"; };
		8EFA2D451FE8B37D005C890E /* Info.plist */ = {isa = PBXFileReference; lastKnownFileType = text.plist.xml; path = Info.plist; sourceTree = "<group>"; };
		8EFA2D4A1FE8B37D005C890E /* ZhongweiTests.xctest */ = {isa = PBXFileReference; explicitFileType = wrapper.cfbundle; includeInIndex = 0; path = ZhongweiTests.xctest; sourceTree = BUILT_PRODUCTS_DIR; };
		8EFA2D4E1FE8B37D005C890E /* ZhongweiTests.swift */ = {isa = PBXFileReference; lastKnownFileType = sourcecode.swift; path = ZhongweiTests.swift; sourceTree = "<group>"; };
		8EFA2D501FE8B37E005C890E /* Info.plist */ = {isa = PBXFileReference; lastKnownFileType = text.plist.xml; path = Info.plist; sourceTree = "<group>"; };
		8EFA2D551FE8B37E005C890E /* ZhongweiUITests.xctest */ = {isa = PBXFileReference; explicitFileType = wrapper.cfbundle; includeInIndex = 0; path = ZhongweiUITests.xctest; sourceTree = BUILT_PRODUCTS_DIR; };
		8EFA2D591FE8B37E005C890E /* ZhongweiUITests.swift */ = {isa = PBXFileReference; lastKnownFileType = sourcecode.swift; path = ZhongweiUITests.swift; sourceTree = "<group>"; };
		8EFA2D5B1FE8B37E005C890E /* Info.plist */ = {isa = PBXFileReference; lastKnownFileType = text.plist.xml; path = Info.plist; sourceTree = "<group>"; };
		8EFA2D671FE8BE41005C890E /* Podfile */ = {isa = PBXFileReference; lastKnownFileType = text; path = Podfile; sourceTree = "<group>"; xcLanguageSpecificationIdentifier = xcode.lang.ruby; };
		8EFA2D691FE8C201005C890E /* WXApi.h */ = {isa = PBXFileReference; fileEncoding = 4; lastKnownFileType = sourcecode.c.h; name = WXApi.h; path = ../../../../../Downloads/software/OpenSDK1.8.1/WXApi.h; sourceTree = "<group>"; };
		8EFA2D6A1FE8C201005C890E /* WechatAuthSDK.h */ = {isa = PBXFileReference; fileEncoding = 4; lastKnownFileType = sourcecode.c.h; name = WechatAuthSDK.h; path = ../../../../../Downloads/software/OpenSDK1.8.1/WechatAuthSDK.h; sourceTree = "<group>"; };
		8EFA2D6B1FE8C201005C890E /* WXApiObject.h */ = {isa = PBXFileReference; fileEncoding = 4; lastKnownFileType = sourcecode.c.h; name = WXApiObject.h; path = ../../../../../Downloads/software/OpenSDK1.8.1/WXApiObject.h; sourceTree = "<group>"; };
		8EFA2D6C1FE8C212005C890E /* libWeChatSDK.a */ = {isa = PBXFileReference; lastKnownFileType = archive.ar; name = libWeChatSDK.a; path = ../../../../../Downloads/software/OpenSDK1.8.1/libWeChatSDK.a; sourceTree = "<group>"; };
		E6A748996A2BADEEFFAE03E7 /* Pods-Zhongwei.release.xcconfig */ = {isa = PBXFileReference; includeInIndex = 1; lastKnownFileType = text.xcconfig; name = "Pods-Zhongwei.release.xcconfig"; path = "Pods/Target Support Files/Pods-Zhongwei/Pods-Zhongwei.release.xcconfig"; sourceTree = "<group>"; };
/* End PBXFileReference section */

/* Begin PBXFrameworksBuildPhase section */
		8EFA2D331FE8B37D005C890E /* Frameworks */ = {
			isa = PBXFrameworksBuildPhase;
			buildActionMask = 2147483647;
			files = (
				8E61FB781FF3475100680E19 /* SystemConfiguration.framework in Frameworks */,
				8E61FB761FF3474200680E19 /* libz.tbd in Frameworks */,
				8E61FB741FF3472F00680E19 /* CoreTelephony.framework in Frameworks */,
				8E61FB721FF3472100680E19 /* libsqlite3.tbd in Frameworks */,
				8E61FB701FF3470300680E19 /* libc++.tbd in Frameworks */,
				8EFA2D6D1FE8C212005C890E /* libWeChatSDK.a in Frameworks */,
				A5B785BA2F3CA812EFC80FD2 /* Pods_Zhongwei.framework in Frameworks */,
			);
			runOnlyForDeploymentPostprocessing = 0;
		};
		8EFA2D471FE8B37D005C890E /* Frameworks */ = {
			isa = PBXFrameworksBuildPhase;
			buildActionMask = 2147483647;
			files = (
			);
			runOnlyForDeploymentPostprocessing = 0;
		};
		8EFA2D521FE8B37E005C890E /* Frameworks */ = {
			isa = PBXFrameworksBuildPhase;
			buildActionMask = 2147483647;
			files = (
			);
			runOnlyForDeploymentPostprocessing = 0;
		};
/* End PBXFrameworksBuildPhase section */

/* Begin PBXGroup section */
		174C4CB81528A13F0BBAA655 /* Pods */ = {
			isa = PBXGroup;
			children = (
				878A4334FDF403A899AFB54E /* Pods-Zhongwei.debug.xcconfig */,
				E6A748996A2BADEEFFAE03E7 /* Pods-Zhongwei.release.xcconfig */,
			);
			name = Pods;
			sourceTree = "<group>";
		};
		66A9C0E2295423BED967BA2C /* Frameworks */ = {
			isa = PBXGroup;
			children = (
				8E61FB771FF3475100680E19 /* SystemConfiguration.framework */,
				8E61FB751FF3474200680E19 /* libz.tbd */,
				8E61FB731FF3472F00680E19 /* CoreTelephony.framework */,
				8E61FB711FF3472000680E19 /* libsqlite3.tbd */,
				8E61FB6F1FF3470300680E19 /* libc++.tbd */,
				6A84856AEDD70A279EC1E75F /* Pods_Zhongwei.framework */,
			);
			name = Frameworks;
			sourceTree = "<group>";
		};
		8E441B212050D5CE001D90C1 /* main */ = {
			isa = PBXGroup;
			children = (
				8ECF7C2A20529AF500738D0B /* MainPresenter.swift */,
			);
			path = main;
			sourceTree = "<group>";
		};
		8E55000C20182D21009E2AB0 /* news */ = {
			isa = PBXGroup;
			children = (
				8E55000620182B75009E2AB0 /* News.storyboard */,
				8E55FFFB20182539009E2AB0 /* NewsViewController.swift */,
				8E441B26205123FB001D90C1 /* MainPageViewController.swift */,
			);
			path = news;
			sourceTree = "<group>";
		};
		8E55000D20182D2F009E2AB0 /* me */ = {
			isa = PBXGroup;
			children = (
				8E550014201835A8009E2AB0 /* Me.storyboard */,
				8E61FB6C1FF341F400680E19 /* WeiChatLogin.swift */,
				8E3E2F18201B1E28006E2206 /* MeViewController.swift */,
				8E20A3E22021A40900B15AB2 /* MessageView.swift */,
				8E20A3E42021B48C00B15AB2 /* MessageList.swift */,
				8E20A3E62021B50000B15AB2 /* MessageDetailView.swift */,
				8E20A3EA2021B73200B15AB2 /* MessageItem.swift */,
				8E2F6A0D2022C62B000704F6 /* UserViewController.swift */,
				8ED2425E202417CA00303DB4 /* AboutViewController.swift */,
				8E1A112920450A5300A0B6BC /* LoginViewController.swift */,
				8E1A112B20450A6D00A0B6BC /* RegisterViewController.swift */,
				8E1A112D20453C2C00A0B6BC /* LoginViewControllerCode.swift */,
				8E121FF4204D5C3B00C5CCD8 /* UserPresenter.swift */,
			);
			path = me;
			sourceTree = "<group>";
		};
		8E55000E20182F0D009E2AB0 /* discover */ = {
			isa = PBXGroup;
			children = (
				8E55000320182B57009E2AB0 /* Discover.storyboard */,
				8E55FFFD20182592009E2AB0 /* DiscoverViewController.swift */,
				8EC2B5302019C4FD00C3181D /* DiscoverItem.swift */,
				8EC2B5342019D08000C3181D /* DiscoverItemView.swift */,
				8EC2B5362019E0BB00C3181D /* DetailViewController.swift */,
				8EC2B5382019EE7B00C3181D /* ScanViewController.swift */,
				8EF0BFD1202854A200401540 /* PrizeViewController.swift */,
				8EF0BFD32028557300401540 /* PrizeRecordController.swift */,
				8E96F01D204E815A0060B612 /* GuideViewController.swift */,
				8E96F01F204E9B0A0060B612 /* DiscoverPresenter.swift */,
			);
			path = discover;
			sourceTree = "<group>";
		};
		8E55000F20182F22009E2AB0 /* business */ = {
			isa = PBXGroup;
			children = (
				8E55000920182CAE009E2AB0 /* Business.storyboard */,
				8E55001220183122009E2AB0 /* ShopViewController.swift */,
				8EC3C2312020680C001567E9 /* BusinessViewController.swift */,
				8EC3C233202069BD001567E9 /* BusinessItemView.swift */,
				8EC3C235202069D1001567E9 /* BusinessItem.swift */,
				8EC3C2372020705C001567E9 /* BusinessDetailView.swift */,
				8E66CF1E2049406C00FC9E59 /* IDCardViewController.swift */,
				8E66CF2020494C3900FC9E59 /* BusinessPresenter.swift */,
				8ECF7C242052857200738D0B /* CustomerManagerList.swift */,
				8ECF7C2620528A0A00738D0B /* BusinessItemCell.swift */,
			);
			path = business;
			sourceTree = "<group>";
		};
		8E55001620187D91009E2AB0 /* view */ = {
			isa = PBXGroup;
			children = (
				8E441B2820513252001D90C1 /* SliderGalleryController.swift */,
				8E55001720187DA8009E2AB0 /* DiscoverItemTemp.swift */,
				8E441B222050DD19001D90C1 /* SlideGalleryView.swift */,
				8E441B2A205137FF001D90C1 /* GridLayoutView.swift */,
				8E441B2C20513BF6001D90C1 /* ImageClickView.swift */,
				8ECF7C202052618400738D0B /* BigboardView.swift */,
				8ECF7C22205261BD00738D0B /* SmallboardView.swift */,
			);
			path = view;
			sourceTree = "<group>";
		};
		8E5DC15F201745BE00D421FE /* controller */ = {
			isa = PBXGroup;
			children = (
				8EFA2D3B1FE8B37D005C890E /* WebViewController.swift */,
				8E5DC160201745F900D421FE /* TabBarController.swift */,
				8ECF7C28205294F100738D0B /* ClosableWebView.swift */,
			);
			path = controller;
			sourceTree = "<group>";
		};
		8E92BF16200EFC880090C646 /* entity */ = {
			isa = PBXGroup;
			children = (
				8E92BF17200EFC9B0090C646 /* ResponseEntity.swift */,
				8E92BF19200EFDD90090C646 /* SidEntity.swift */,
				8E4D9FB4202AB2D900C4BF21 /* PrizeEntity.swift */,
				8EC9439620464CA000EB2B05 /* Result.swift */,
				8EC9439820464DB700EB2B05 /* CodeEntity.swift */,
				8E121FF2204D504700C5CCD8 /* ImageUrlEntity.swift */,
				8E121FF6204D5F1300C5CCD8 /* MessageEntity.swift */,
				8E121FF8204D64A800C5CCD8 /* MessageResult.swift */,
				8E96F01B204E75E20060B612 /* BusinessStateEntity.swift */,
			);
			path = entity;
			sourceTree = "<group>";
		};
		8EFA2D2D1FE8B37D005C890E = {
			isa = PBXGroup;
			children = (
				8EFA2D6C1FE8C212005C890E /* libWeChatSDK.a */,
				8EFA2D6A1FE8C201005C890E /* WechatAuthSDK.h */,
				8EFA2D691FE8C201005C890E /* WXApi.h */,
				8EFA2D6B1FE8C201005C890E /* WXApiObject.h */,
				8EFA2D671FE8BE41005C890E /* Podfile */,
				8EFA2D381FE8B37D005C890E /* Zhongwei */,
				8EFA2D4D1FE8B37D005C890E /* ZhongweiTests */,
				8EFA2D581FE8B37E005C890E /* ZhongweiUITests */,
				8EFA2D371FE8B37D005C890E /* Products */,
				174C4CB81528A13F0BBAA655 /* Pods */,
				66A9C0E2295423BED967BA2C /* Frameworks */,
			);
			sourceTree = "<group>";
		};
		8EFA2D371FE8B37D005C890E /* Products */ = {
			isa = PBXGroup;
			children = (
				8EFA2D361FE8B37D005C890E /* Zhongwei.app */,
				8EFA2D4A1FE8B37D005C890E /* ZhongweiTests.xctest */,
				8EFA2D551FE8B37E005C890E /* ZhongweiUITests.xctest */,
			);
			name = Products;
			sourceTree = "<group>";
		};
		8EFA2D381FE8B37D005C890E /* Zhongwei */ = {
			isa = PBXGroup;
			children = (
				8E441B212050D5CE001D90C1 /* main */,
				8E55001620187D91009E2AB0 /* view */,
				8E55000F20182F22009E2AB0 /* business */,
				8E55000E20182F0D009E2AB0 /* discover */,
				8E55000D20182D2F009E2AB0 /* me */,
				8E55000C20182D21009E2AB0 /* news */,
				8E5DC15F201745BE00D421FE /* controller */,
				8E92BF16200EFC880090C646 /* entity */,
				8E61FB7A1FF34C8900680E19 /* Utils.swift */,
				8EFA2D391FE8B37D005C890E /* AppDelegate.swift */,
				8E01C7751FEA58250012E2CE /* Main.storyboard */,
				8EFA2D401FE8B37D005C890E /* Assets.xcassets */,
				8EFA2D421FE8B37D005C890E /* LaunchScreen.storyboard */,
				8EFA2D451FE8B37D005C890E /* Info.plist */,
				8E61FB6E1FF345DE00680E19 /* BridgeHeader.h */,
				8E92BF1D200F46C80090C646 /* Presenter.swift */,
			);
			path = Zhongwei;
			sourceTree = "<group>";
		};
		8EFA2D4D1FE8B37D005C890E /* ZhongweiTests */ = {
			isa = PBXGroup;
			children = (
				8EFA2D4E1FE8B37D005C890E /* ZhongweiTests.swift */,
				8EFA2D501FE8B37E005C890E /* Info.plist */,
			);
			path = ZhongweiTests;
			sourceTree = "<group>";
		};
		8EFA2D581FE8B37E005C890E /* ZhongweiUITests */ = {
			isa = PBXGroup;
			children = (
				8EFA2D591FE8B37E005C890E /* ZhongweiUITests.swift */,
				8EFA2D5B1FE8B37E005C890E /* Info.plist */,
			);
			path = ZhongweiUITests;
			sourceTree = "<group>";
		};
/* End PBXGroup section */

/* Begin PBXNativeTarget section */
		8EFA2D351FE8B37D005C890E /* Zhongwei */ = {
			isa = PBXNativeTarget;
			buildConfigurationList = 8EFA2D5E1FE8B37E005C890E /* Build configuration list for PBXNativeTarget "Zhongwei" */;
			buildPhases = (
				9A31C9CA1AF1CC00010425B7 /* [CP] Check Pods Manifest.lock */,
				8EFA2D321FE8B37D005C890E /* Sources */,
				8EFA2D331FE8B37D005C890E /* Frameworks */,
				8EFA2D341FE8B37D005C890E /* Resources */,
				95B9AFC8525D3B66783E8F00 /* [CP] Embed Pods Frameworks */,
				45AD80B4D7305AD6EAEEE601 /* [CP] Copy Pods Resources */,
			);
			buildRules = (
			);
			dependencies = (
			);
			name = Zhongwei;
			productName = Zhongwei;
			productReference = 8EFA2D361FE8B37D005C890E /* Zhongwei.app */;
			productType = "com.apple.product-type.application";
		};
		8EFA2D491FE8B37D005C890E /* ZhongweiTests */ = {
			isa = PBXNativeTarget;
			buildConfigurationList = 8EFA2D611FE8B37E005C890E /* Build configuration list for PBXNativeTarget "ZhongweiTests" */;
			buildPhases = (
				8EFA2D461FE8B37D005C890E /* Sources */,
				8EFA2D471FE8B37D005C890E /* Frameworks */,
				8EFA2D481FE8B37D005C890E /* Resources */,
			);
			buildRules = (
			);
			dependencies = (
				8EFA2D4C1FE8B37D005C890E /* PBXTargetDependency */,
			);
			name = ZhongweiTests;
			productName = ZhongweiTests;
			productReference = 8EFA2D4A1FE8B37D005C890E /* ZhongweiTests.xctest */;
			productType = "com.apple.product-type.bundle.unit-test";
		};
		8EFA2D541FE8B37E005C890E /* ZhongweiUITests */ = {
			isa = PBXNativeTarget;
			buildConfigurationList = 8EFA2D641FE8B37E005C890E /* Build configuration list for PBXNativeTarget "ZhongweiUITests" */;
			buildPhases = (
				8EFA2D511FE8B37E005C890E /* Sources */,
				8EFA2D521FE8B37E005C890E /* Frameworks */,
				8EFA2D531FE8B37E005C890E /* Resources */,
			);
			buildRules = (
			);
			dependencies = (
				8EFA2D571FE8B37E005C890E /* PBXTargetDependency */,
			);
			name = ZhongweiUITests;
			productName = ZhongweiUITests;
			productReference = 8EFA2D551FE8B37E005C890E /* ZhongweiUITests.xctest */;
			productType = "com.apple.product-type.bundle.ui-testing";
		};
/* End PBXNativeTarget section */

/* Begin PBXProject section */
		8EFA2D2E1FE8B37D005C890E /* Project object */ = {
			isa = PBXProject;
			attributes = {
				LastSwiftUpdateCheck = 0920;
				LastUpgradeCheck = 0920;
				ORGANIZATIONNAME = zhongwei;
				TargetAttributes = {
					8EFA2D351FE8B37D005C890E = {
						CreatedOnToolsVersion = 9.2;
						ProvisioningStyle = Automatic;
					};
					8EFA2D491FE8B37D005C890E = {
						CreatedOnToolsVersion = 9.2;
						ProvisioningStyle = Automatic;
						TestTargetID = 8EFA2D351FE8B37D005C890E;
					};
					8EFA2D541FE8B37E005C890E = {
						CreatedOnToolsVersion = 9.2;
						ProvisioningStyle = Automatic;
						TestTargetID = 8EFA2D351FE8B37D005C890E;
					};
				};
			};
			buildConfigurationList = 8EFA2D311FE8B37D005C890E /* Build configuration list for PBXProject "Zhongwei" */;
			compatibilityVersion = "Xcode 8.0";
			developmentRegion = en;
			hasScannedForEncodings = 0;
			knownRegions = (
				en,
				Base,
			);
			mainGroup = 8EFA2D2D1FE8B37D005C890E;
			productRefGroup = 8EFA2D371FE8B37D005C890E /* Products */;
			projectDirPath = "";
			projectRoot = "";
			targets = (
				8EFA2D351FE8B37D005C890E /* Zhongwei */,
				8EFA2D491FE8B37D005C890E /* ZhongweiTests */,
				8EFA2D541FE8B37E005C890E /* ZhongweiUITests */,
			);
		};
/* End PBXProject section */

/* Begin PBXResourcesBuildPhase section */
		8EFA2D341FE8B37D005C890E /* Resources */ = {
			isa = PBXResourcesBuildPhase;
			buildActionMask = 2147483647;
			files = (
				8EFA2D441FE8B37D005C890E /* LaunchScreen.storyboard in Resources */,
				8E01C7771FEA58250012E2CE /* Main.storyboard in Resources */,
				8E55000B20182CAE009E2AB0 /* Business.storyboard in Resources */,
				8E55000820182B75009E2AB0 /* News.storyboard in Resources */,
				8E550015201835A8009E2AB0 /* Me.storyboard in Resources */,
				8EFA2D411FE8B37D005C890E /* Assets.xcassets in Resources */,
				8EFA2D681FE8BE41005C890E /* Podfile in Resources */,
				8E55000520182B57009E2AB0 /* Discover.storyboard in Resources */,
			);
			runOnlyForDeploymentPostprocessing = 0;
		};
		8EFA2D481FE8B37D005C890E /* Resources */ = {
			isa = PBXResourcesBuildPhase;
			buildActionMask = 2147483647;
			files = (
			);
			runOnlyForDeploymentPostprocessing = 0;
		};
		8EFA2D531FE8B37E005C890E /* Resources */ = {
			isa = PBXResourcesBuildPhase;
			buildActionMask = 2147483647;
			files = (
			);
			runOnlyForDeploymentPostprocessing = 0;
		};
/* End PBXResourcesBuildPhase section */

/* Begin PBXShellScriptBuildPhase section */
		45AD80B4D7305AD6EAEEE601 /* [CP] Copy Pods Resources */ = {
			isa = PBXShellScriptBuildPhase;
			buildActionMask = 2147483647;
			files = (
			);
			inputPaths = (
			);
			name = "[CP] Copy Pods Resources";
			outputPaths = (
			);
			runOnlyForDeploymentPostprocessing = 0;
			shellPath = /bin/sh;
			shellScript = "\"${SRCROOT}/Pods/Target Support Files/Pods-Zhongwei/Pods-Zhongwei-resources.sh\"\n";
			showEnvVarsInLog = 0;
		};
		95B9AFC8525D3B66783E8F00 /* [CP] Embed Pods Frameworks */ = {
			isa = PBXShellScriptBuildPhase;
			buildActionMask = 2147483647;
			files = (
			);
			inputPaths = (
				"${SRCROOT}/Pods/Target Support Files/Pods-Zhongwei/Pods-Zhongwei-frameworks.sh",
				"${BUILT_PRODUCTS_DIR}/Alamofire/Alamofire.framework",
				"${BUILT_PRODUCTS_DIR}/HandyJSON/HandyJSON.framework",
				"${BUILT_PRODUCTS_DIR}/Kingfisher/Kingfisher.framework",
				"${BUILT_PRODUCTS_DIR}/ReachabilitySwift/Reachability.framework",
				"${BUILT_PRODUCTS_DIR}/RxCocoa/RxCocoa.framework",
				"${BUILT_PRODUCTS_DIR}/RxSwift/RxSwift.framework",
				"${BUILT_PRODUCTS_DIR}/SnapKit/SnapKit.framework",
				"${BUILT_PRODUCTS_DIR}/SwiftyJSON/SwiftyJSON.framework",
			);
			name = "[CP] Embed Pods Frameworks";
			outputPaths = (
				"${TARGET_BUILD_DIR}/${FRAMEWORKS_FOLDER_PATH}/Alamofire.framework",
				"${TARGET_BUILD_DIR}/${FRAMEWORKS_FOLDER_PATH}/HandyJSON.framework",
				"${TARGET_BUILD_DIR}/${FRAMEWORKS_FOLDER_PATH}/Kingfisher.framework",
				"${TARGET_BUILD_DIR}/${FRAMEWORKS_FOLDER_PATH}/Reachability.framework",
				"${TARGET_BUILD_DIR}/${FRAMEWORKS_FOLDER_PATH}/RxCocoa.framework",
				"${TARGET_BUILD_DIR}/${FRAMEWORKS_FOLDER_PATH}/RxSwift.framework",
				"${TARGET_BUILD_DIR}/${FRAMEWORKS_FOLDER_PATH}/SnapKit.framework",
				"${TARGET_BUILD_DIR}/${FRAMEWORKS_FOLDER_PATH}/SwiftyJSON.framework",
			);
			runOnlyForDeploymentPostprocessing = 0;
			shellPath = /bin/sh;
			shellScript = "\"${SRCROOT}/Pods/Target Support Files/Pods-Zhongwei/Pods-Zhongwei-frameworks.sh\"\n";
			showEnvVarsInLog = 0;
		};
		9A31C9CA1AF1CC00010425B7 /* [CP] Check Pods Manifest.lock */ = {
			isa = PBXShellScriptBuildPhase;
			buildActionMask = 2147483647;
			files = (
			);
			inputPaths = (
				"${PODS_PODFILE_DIR_PATH}/Podfile.lock",
				"${PODS_ROOT}/Manifest.lock",
			);
			name = "[CP] Check Pods Manifest.lock";
			outputPaths = (
				"$(DERIVED_FILE_DIR)/Pods-Zhongwei-checkManifestLockResult.txt",
			);
			runOnlyForDeploymentPostprocessing = 0;
			shellPath = /bin/sh;
			shellScript = "diff \"${PODS_PODFILE_DIR_PATH}/Podfile.lock\" \"${PODS_ROOT}/Manifest.lock\" > /dev/null\nif [ $? != 0 ] ; then\n    # print error to STDERR\n    echo \"error: The sandbox is not in sync with the Podfile.lock. Run 'pod install' or update your CocoaPods installation.\" >&2\n    exit 1\nfi\n# This output is used by Xcode 'outputs' to avoid re-running this script phase.\necho \"SUCCESS\" > \"${SCRIPT_OUTPUT_FILE_0}\"\n";
			showEnvVarsInLog = 0;
		};
/* End PBXShellScriptBuildPhase section */

/* Begin PBXSourcesBuildPhase section */
		8EFA2D321FE8B37D005C890E /* Sources */ = {
			isa = PBXSourcesBuildPhase;
			buildActionMask = 2147483647;
			files = (
				8EC3C2322020680C001567E9 /* BusinessViewController.swift in Sources */,
				8E2F6A0E2022C62B000704F6 /* UserViewController.swift in Sources */,
				8E96F01C204E75E20060B612 /* BusinessStateEntity.swift in Sources */,
				8E3E2F19201B1E28006E2206 /* MeViewController.swift in Sources */,
				8ECF7C23205261BD00738D0B /* SmallboardView.swift in Sources */,
				8ECF7C252052857200738D0B /* CustomerManagerList.swift in Sources */,
				8E441B27205123FB001D90C1 /* MainPageViewController.swift in Sources */,
				8E20A3EB2021B73200B15AB2 /* MessageItem.swift in Sources */,
				8EC3C236202069D1001567E9 /* BusinessItem.swift in Sources */,
				8E55001820187DA8009E2AB0 /* DiscoverItemTemp.swift in Sources */,
				8E92BF18200EFC9B0090C646 /* ResponseEntity.swift in Sources */,
				8E20A3E52021B48C00B15AB2 /* MessageList.swift in Sources */,
				8E66CF2120494C3900FC9E59 /* BusinessPresenter.swift in Sources */,
				8E441B2920513252001D90C1 /* SliderGalleryController.swift in Sources */,
				8EF0BFD42028557300401540 /* PrizeRecordController.swift in Sources */,
				8E55FFFE20182592009E2AB0 /* DiscoverViewController.swift in Sources */,
				8E441B2B205137FF001D90C1 /* GridLayoutView.swift in Sources */,
				8E92BF1A200EFDD90090C646 /* SidEntity.swift in Sources */,
				8E66CF1F2049406C00FC9E59 /* IDCardViewController.swift in Sources */,
				8EC9439920464DB700EB2B05 /* CodeEntity.swift in Sources */,
				8ED2425F202417CA00303DB4 /* AboutViewController.swift in Sources */,
				8E1A112E20453C2C00A0B6BC /* LoginViewControllerCode.swift in Sources */,
				8E121FF7204D5F1300C5CCD8 /* MessageEntity.swift in Sources */,
				8E92BF1E200F46C80090C646 /* Presenter.swift in Sources */,
				8EC9439720464CA000EB2B05 /* Result.swift in Sources */,
				8E1A112A20450A5300A0B6BC /* LoginViewController.swift in Sources */,
				8E20A3E72021B50000B15AB2 /* MessageDetailView.swift in Sources */,
				8E121FF3204D504700C5CCD8 /* ImageUrlEntity.swift in Sources */,
				8EF0BFD2202854A200401540 /* PrizeViewController.swift in Sources */,
				8E4D9FB5202AB2D900C4BF21 /* PrizeEntity.swift in Sources */,
				8ECF7C2B20529AF500738D0B /* MainPresenter.swift in Sources */,
				8E441B2D20513BF6001D90C1 /* ImageClickView.swift in Sources */,
				8E96F020204E9B0A0060B612 /* DiscoverPresenter.swift in Sources */,
				8E121FF9204D64A800C5CCD8 /* MessageResult.swift in Sources */,
				8ECF7C2720528A0A00738D0B /* BusinessItemCell.swift in Sources */,
				8E441B232050DD19001D90C1 /* SlideGalleryView.swift in Sources */,
				8E96F01E204E815A0060B612 /* GuideViewController.swift in Sources */,
				8EC3C234202069BD001567E9 /* BusinessItemView.swift in Sources */,
				8E55FFFC20182539009E2AB0 /* NewsViewController.swift in Sources */,
				8E5DC161201745F900D421FE /* TabBarController.swift in Sources */,
				8EC3C2382020705C001567E9 /* BusinessDetailView.swift in Sources */,
				8ECF7C29205294F100738D0B /* ClosableWebView.swift in Sources */,
				8EC2B5392019EE7B00C3181D /* ScanViewController.swift in Sources */,
				8EC2B5372019E0BB00C3181D /* DetailViewController.swift in Sources */,
				8EFA2D3C1FE8B37D005C890E /* WebViewController.swift in Sources */,
				8E55001320183122009E2AB0 /* ShopViewController.swift in Sources */,
				8E61FB6D1FF341F400680E19 /* WeiChatLogin.swift in Sources */,
				8ECF7C212052618400738D0B /* BigboardView.swift in Sources */,
				8EC2B5352019D08000C3181D /* DiscoverItemView.swift in Sources */,
				8E1A112C20450A6D00A0B6BC /* RegisterViewController.swift in Sources */,
				8EC2B5312019C4FD00C3181D /* DiscoverItem.swift in Sources */,
				8E20A3E32021A40900B15AB2 /* MessageView.swift in Sources */,
				8E121FF5204D5C3B00C5CCD8 /* UserPresenter.swift in Sources */,
				8EFA2D3A1FE8B37D005C890E /* AppDelegate.swift in Sources */,
				8E61FB7B1FF34C8900680E19 /* Utils.swift in Sources */,
			);
			runOnlyForDeploymentPostprocessing = 0;
		};
		8EFA2D461FE8B37D005C890E /* Sources */ = {
			isa = PBXSourcesBuildPhase;
			buildActionMask = 2147483647;
			files = (
				8EFA2D4F1FE8B37D005C890E /* ZhongweiTests.swift in Sources */,
			);
			runOnlyForDeploymentPostprocessing = 0;
		};
		8EFA2D511FE8B37E005C890E /* Sources */ = {
			isa = PBXSourcesBuildPhase;
			buildActionMask = 2147483647;
			files = (
				8EFA2D5A1FE8B37E005C890E /* ZhongweiUITests.swift in Sources */,
			);
			runOnlyForDeploymentPostprocessing = 0;
		};
/* End PBXSourcesBuildPhase section */

/* Begin PBXTargetDependency section */
		8EFA2D4C1FE8B37D005C890E /* PBXTargetDependency */ = {
			isa = PBXTargetDependency;
			target = 8EFA2D351FE8B37D005C890E /* Zhongwei */;
			targetProxy = 8EFA2D4B1FE8B37D005C890E /* PBXContainerItemProxy */;
		};
		8EFA2D571FE8B37E005C890E /* PBXTargetDependency */ = {
			isa = PBXTargetDependency;
			target = 8EFA2D351FE8B37D005C890E /* Zhongwei */;
			targetProxy = 8EFA2D561FE8B37E005C890E /* PBXContainerItemProxy */;
		};
/* End PBXTargetDependency section */

/* Begin PBXVariantGroup section */
		8E01C7751FEA58250012E2CE /* Main.storyboard */ = {
			isa = PBXVariantGroup;
			children = (
				8E01C7761FEA58250012E2CE /* Base */,
			);
			name = Main.storyboard;
			sourceTree = "<group>";
		};
		8E55000320182B57009E2AB0 /* Discover.storyboard */ = {
			isa = PBXVariantGroup;
			children = (
				8E55000420182B57009E2AB0 /* Base */,
			);
			name = Discover.storyboard;
			sourceTree = "<group>";
		};
		8E55000620182B75009E2AB0 /* News.storyboard */ = {
			isa = PBXVariantGroup;
			children = (
				8E55000720182B75009E2AB0 /* Base */,
			);
			name = News.storyboard;
			sourceTree = "<group>";
		};
		8E55000920182CAE009E2AB0 /* Business.storyboard */ = {
			isa = PBXVariantGroup;
			children = (
				8E55000A20182CAE009E2AB0 /* Base */,
			);
			name = Business.storyboard;
			sourceTree = "<group>";
		};
		8EFA2D421FE8B37D005C890E /* LaunchScreen.storyboard */ = {
			isa = PBXVariantGroup;
			children = (
				8EFA2D431FE8B37D005C890E /* Base */,
			);
			name = LaunchScreen.storyboard;
			sourceTree = "<group>";
		};
/* End PBXVariantGroup section */

/* Begin XCBuildConfiguration section */
		8EFA2D5C1FE8B37E005C890E /* Debug */ = {
			isa = XCBuildConfiguration;
			buildSettings = {
				ALWAYS_SEARCH_USER_PATHS = NO;
				CLANG_ANALYZER_NONNULL = YES;
				CLANG_ANALYZER_NUMBER_OBJECT_CONVERSION = YES_AGGRESSIVE;
				CLANG_CXX_LANGUAGE_STANDARD = "gnu++14";
				CLANG_CXX_LIBRARY = "libc++";
				CLANG_ENABLE_MODULES = YES;
				CLANG_ENABLE_OBJC_ARC = YES;
				CLANG_WARN_BLOCK_CAPTURE_AUTORELEASING = YES;
				CLANG_WARN_BOOL_CONVERSION = YES;
				CLANG_WARN_COMMA = YES;
				CLANG_WARN_CONSTANT_CONVERSION = YES;
				CLANG_WARN_DIRECT_OBJC_ISA_USAGE = YES_ERROR;
				CLANG_WARN_DOCUMENTATION_COMMENTS = YES;
				CLANG_WARN_EMPTY_BODY = YES;
				CLANG_WARN_ENUM_CONVERSION = YES;
				CLANG_WARN_INFINITE_RECURSION = YES;
				CLANG_WARN_INT_CONVERSION = YES;
				CLANG_WARN_NON_LITERAL_NULL_CONVERSION = YES;
				CLANG_WARN_OBJC_LITERAL_CONVERSION = YES;
				CLANG_WARN_OBJC_ROOT_CLASS = YES_ERROR;
				CLANG_WARN_RANGE_LOOP_ANALYSIS = YES;
				CLANG_WARN_STRICT_PROTOTYPES = YES;
				CLANG_WARN_SUSPICIOUS_MOVE = YES;
				CLANG_WARN_UNGUARDED_AVAILABILITY = YES_AGGRESSIVE;
				CLANG_WARN_UNREACHABLE_CODE = YES;
				CLANG_WARN__DUPLICATE_METHOD_MATCH = YES;
				CODE_SIGN_IDENTITY = "iPhone Developer";
				COPY_PHASE_STRIP = NO;
				DEBUG_INFORMATION_FORMAT = dwarf;
				ENABLE_STRICT_OBJC_MSGSEND = YES;
				ENABLE_TESTABILITY = YES;
				GCC_C_LANGUAGE_STANDARD = gnu11;
				GCC_DYNAMIC_NO_PIC = NO;
				GCC_NO_COMMON_BLOCKS = YES;
				GCC_OPTIMIZATION_LEVEL = 0;
				GCC_PREPROCESSOR_DEFINITIONS = (
					"DEBUG=1",
					"$(inherited)",
				);
				GCC_WARN_64_TO_32_BIT_CONVERSION = YES;
				GCC_WARN_ABOUT_RETURN_TYPE = YES_ERROR;
				GCC_WARN_UNDECLARED_SELECTOR = YES;
				GCC_WARN_UNINITIALIZED_AUTOS = YES_AGGRESSIVE;
				GCC_WARN_UNUSED_FUNCTION = YES;
				GCC_WARN_UNUSED_VARIABLE = YES;
				IPHONEOS_DEPLOYMENT_TARGET = 11.2;
				MTL_ENABLE_DEBUG_INFO = YES;
				ONLY_ACTIVE_ARCH = YES;
				SDKROOT = iphoneos;
				SWIFT_ACTIVE_COMPILATION_CONDITIONS = DEBUG;
				SWIFT_OPTIMIZATION_LEVEL = "-Onone";
			};
			name = Debug;
		};
		8EFA2D5D1FE8B37E005C890E /* Release */ = {
			isa = XCBuildConfiguration;
			buildSettings = {
				ALWAYS_SEARCH_USER_PATHS = NO;
				CLANG_ANALYZER_NONNULL = YES;
				CLANG_ANALYZER_NUMBER_OBJECT_CONVERSION = YES_AGGRESSIVE;
				CLANG_CXX_LANGUAGE_STANDARD = "gnu++14";
				CLANG_CXX_LIBRARY = "libc++";
				CLANG_ENABLE_MODULES = YES;
				CLANG_ENABLE_OBJC_ARC = YES;
				CLANG_WARN_BLOCK_CAPTURE_AUTORELEASING = YES;
				CLANG_WARN_BOOL_CONVERSION = YES;
				CLANG_WARN_COMMA = YES;
				CLANG_WARN_CONSTANT_CONVERSION = YES;
				CLANG_WARN_DIRECT_OBJC_ISA_USAGE = YES_ERROR;
				CLANG_WARN_DOCUMENTATION_COMMENTS = YES;
				CLANG_WARN_EMPTY_BODY = YES;
				CLANG_WARN_ENUM_CONVERSION = YES;
				CLANG_WARN_INFINITE_RECURSION = YES;
				CLANG_WARN_INT_CONVERSION = YES;
				CLANG_WARN_NON_LITERAL_NULL_CONVERSION = YES;
				CLANG_WARN_OBJC_LITERAL_CONVERSION = YES;
				CLANG_WARN_OBJC_ROOT_CLASS = YES_ERROR;
				CLANG_WARN_RANGE_LOOP_ANALYSIS = YES;
				CLANG_WARN_STRICT_PROTOTYPES = YES;
				CLANG_WARN_SUSPICIOUS_MOVE = YES;
				CLANG_WARN_UNGUARDED_AVAILABILITY = YES_AGGRESSIVE;
				CLANG_WARN_UNREACHABLE_CODE = YES;
				CLANG_WARN__DUPLICATE_METHOD_MATCH = YES;
				CODE_SIGN_IDENTITY = "iPhone Developer";
				COPY_PHASE_STRIP = NO;
				DEBUG_INFORMATION_FORMAT = "dwarf-with-dsym";
				ENABLE_NS_ASSERTIONS = NO;
				ENABLE_STRICT_OBJC_MSGSEND = YES;
				GCC_C_LANGUAGE_STANDARD = gnu11;
				GCC_NO_COMMON_BLOCKS = YES;
				GCC_WARN_64_TO_32_BIT_CONVERSION = YES;
				GCC_WARN_ABOUT_RETURN_TYPE = YES_ERROR;
				GCC_WARN_UNDECLARED_SELECTOR = YES;
				GCC_WARN_UNINITIALIZED_AUTOS = YES_AGGRESSIVE;
				GCC_WARN_UNUSED_FUNCTION = YES;
				GCC_WARN_UNUSED_VARIABLE = YES;
				IPHONEOS_DEPLOYMENT_TARGET = 11.2;
				MTL_ENABLE_DEBUG_INFO = NO;
				SDKROOT = iphoneos;
				SWIFT_OPTIMIZATION_LEVEL = "-Owholemodule";
				VALIDATE_PRODUCT = YES;
			};
			name = Release;
		};
		8EFA2D5F1FE8B37E005C890E /* Debug */ = {
			isa = XCBuildConfiguration;
			baseConfigurationReference = 878A4334FDF403A899AFB54E /* Pods-Zhongwei.debug.xcconfig */;
			buildSettings = {
				ASSETCATALOG_COMPILER_APPICON_NAME = AppIcon;
				CODE_SIGN_STYLE = Automatic;
				DEVELOPMENT_TEAM = C3V8JUYRD6;
				INFOPLIST_FILE = Zhongwei/Info.plist;
				LD_RUNPATH_SEARCH_PATHS = "$(inherited) @executable_path/Frameworks";
				PRODUCT_BUNDLE_IDENTIFIER = com.zhongwei.lottery;
				PRODUCT_NAME = "$(TARGET_NAME)";
				SWIFT_OBJC_BRIDGING_HEADER = Zhongwei/BridgeHeader.h;
				SWIFT_VERSION = 4.0;
				TARGETED_DEVICE_FAMILY = 1;
			};
			name = Debug;
		};
		8EFA2D601FE8B37E005C890E /* Release */ = {
			isa = XCBuildConfiguration;
			baseConfigurationReference = E6A748996A2BADEEFFAE03E7 /* Pods-Zhongwei.release.xcconfig */;
			buildSettings = {
				ASSETCATALOG_COMPILER_APPICON_NAME = AppIcon;
				CODE_SIGN_STYLE = Automatic;
				DEVELOPMENT_TEAM = C3V8JUYRD6;
				INFOPLIST_FILE = Zhongwei/Info.plist;
				LD_RUNPATH_SEARCH_PATHS = "$(inherited) @executable_path/Frameworks";
				PRODUCT_BUNDLE_IDENTIFIER = com.zhongwei.lottery;
				PRODUCT_NAME = "$(TARGET_NAME)";
				SWIFT_OBJC_BRIDGING_HEADER = Zhongwei/BridgeHeader.h;
				SWIFT_VERSION = 4.0;
				TARGETED_DEVICE_FAMILY = 1;
			};
			name = Release;
		};
		8EFA2D621FE8B37E005C890E /* Debug */ = {
			isa = XCBuildConfiguration;
			buildSettings = {
				ALWAYS_EMBED_SWIFT_STANDARD_LIBRARIES = YES;
				BUNDLE_LOADER = "$(TEST_HOST)";
				CODE_SIGN_STYLE = Automatic;
				INFOPLIST_FILE = ZhongweiTests/Info.plist;
				LD_RUNPATH_SEARCH_PATHS = "$(inherited) @executable_path/Frameworks @loader_path/Frameworks";
				PRODUCT_BUNDLE_IDENTIFIER = com.zhongwei.ZhongweiTests;
				PRODUCT_NAME = "$(TARGET_NAME)";
				SWIFT_VERSION = 4.0;
				TARGETED_DEVICE_FAMILY = "1,2";
				TEST_HOST = "$(BUILT_PRODUCTS_DIR)/Zhongwei.app/Zhongwei";
			};
			name = Debug;
		};
		8EFA2D631FE8B37E005C890E /* Release */ = {
			isa = XCBuildConfiguration;
			buildSettings = {
				ALWAYS_EMBED_SWIFT_STANDARD_LIBRARIES = YES;
				BUNDLE_LOADER = "$(TEST_HOST)";
				CODE_SIGN_STYLE = Automatic;
				INFOPLIST_FILE = ZhongweiTests/Info.plist;
				LD_RUNPATH_SEARCH_PATHS = "$(inherited) @executable_path/Frameworks @loader_path/Frameworks";
				PRODUCT_BUNDLE_IDENTIFIER = com.zhongwei.ZhongweiTests;
				PRODUCT_NAME = "$(TARGET_NAME)";
				SWIFT_VERSION = 4.0;
				TARGETED_DEVICE_FAMILY = "1,2";
				TEST_HOST = "$(BUILT_PRODUCTS_DIR)/Zhongwei.app/Zhongwei";
			};
			name = Release;
		};
		8EFA2D651FE8B37E005C890E /* Debug */ = {
			isa = XCBuildConfiguration;
			buildSettings = {
				ALWAYS_EMBED_SWIFT_STANDARD_LIBRARIES = YES;
				CODE_SIGN_STYLE = Automatic;
				INFOPLIST_FILE = ZhongweiUITests/Info.plist;
				LD_RUNPATH_SEARCH_PATHS = "$(inherited) @executable_path/Frameworks @loader_path/Frameworks";
				PRODUCT_BUNDLE_IDENTIFIER = com.zhongwei.ZhongweiUITests;
				PRODUCT_NAME = "$(TARGET_NAME)";
				SWIFT_VERSION = 4.0;
				TARGETED_DEVICE_FAMILY = "1,2";
				TEST_TARGET_NAME = Zhongwei;
			};
			name = Debug;
		};
		8EFA2D661FE8B37E005C890E /* Release */ = {
			isa = XCBuildConfiguration;
			buildSettings = {
				ALWAYS_EMBED_SWIFT_STANDARD_LIBRARIES = YES;
				CODE_SIGN_STYLE = Automatic;
				INFOPLIST_FILE = ZhongweiUITests/Info.plist;
				LD_RUNPATH_SEARCH_PATHS = "$(inherited) @executable_path/Frameworks @loader_path/Frameworks";
				PRODUCT_BUNDLE_IDENTIFIER = com.zhongwei.ZhongweiUITests;
				PRODUCT_NAME = "$(TARGET_NAME)";
				SWIFT_VERSION = 4.0;
				TARGETED_DEVICE_FAMILY = "1,2";
				TEST_TARGET_NAME = Zhongwei;
			};
			name = Release;
		};
/* End XCBuildConfiguration section */

/* Begin XCConfigurationList section */
		8EFA2D311FE8B37D005C890E /* Build configuration list for PBXProject "Zhongwei" */ = {
			isa = XCConfigurationList;
			buildConfigurations = (
				8EFA2D5C1FE8B37E005C890E /* Debug */,
				8EFA2D5D1FE8B37E005C890E /* Release */,
			);
			defaultConfigurationIsVisible = 0;
			defaultConfigurationName = Release;
		};
		8EFA2D5E1FE8B37E005C890E /* Build configuration list for PBXNativeTarget "Zhongwei" */ = {
			isa = XCConfigurationList;
			buildConfigurations = (
				8EFA2D5F1FE8B37E005C890E /* Debug */,
				8EFA2D601FE8B37E005C890E /* Release */,
			);
			defaultConfigurationIsVisible = 0;
			defaultConfigurationName = Release;
		};
		8EFA2D611FE8B37E005C890E /* Build configuration list for PBXNativeTarget "ZhongweiTests" */ = {
			isa = XCConfigurationList;
			buildConfigurations = (
				8EFA2D621FE8B37E005C890E /* Debug */,
				8EFA2D631FE8B37E005C890E /* Release */,
			);
			defaultConfigurationIsVisible = 0;
			defaultConfigurationName = Release;
		};
		8EFA2D641FE8B37E005C890E /* Build configuration list for PBXNativeTarget "ZhongweiUITests" */ = {
			isa = XCConfigurationList;
			buildConfigurations = (
				8EFA2D651FE8B37E005C890E /* Debug */,
				8EFA2D661FE8B37E005C890E /* Release */,
			);
			defaultConfigurationIsVisible = 0;
			defaultConfigurationName = Release;
		};
/* End XCConfigurationList section */
	};
	rootObject = 8EFA2D2E1FE8B37D005C890E /* Project object */;
}
